
Microsoft Visual Studio Solution File, Format Version 12.00
# Visual Studio Version 17
VisualStudioVersion = 17.8.34227.203
MinimumVisualStudioVersion = 10.0.40219.1
Project("{FAE04EC0-301F-11D3-BF4B-00C04F79EFBC}") = "StateManagementUsingCascadingValue", "StateManagementUsingCascadingValue\StateManagementUsingCascadingValue.csproj", "{1CEE2979-00C6-4169-AE7D-D9BE75B019F5}"
EndProject
Global
	GlobalSection(SolutionConfigurationPlatforms) = preSolution
		Debug|Any CPU = Debug|Any CPU
		Release|Any CPU = Release|Any CPU
	EndGlobalSection
	GlobalSection(ProjectConfigurationPlatforms) = postSolution
		{1CEE2979-00C6-4169-AE7D-D9BE75B019F5}.Debug|Any CPU.ActiveCfg = Debug|Any CPU
		{1CEE2979-00C6-4169-AE7D-D9BE75B019F5}.Debug|Any CPU.Build.0 = Debug|Any CPU
		{1CEE2979-00C6-4169-AE7D-D9BE75B019F5}.Release|Any CPU.ActiveCfg = Release|Any CPU
		{1CEE2979-00C6-4169-AE7D-D9BE75B019F5}.Release|Any CPU.Build.0 = Release|Any CPU
	EndGlobalSection
	GlobalSection(SolutionProperties) = preSolution
		HideSolutionNode = FALSE
	EndGlobalSection
	GlobalSection(ExtensibilityGlobals) = postSolution
		SolutionGuid = {C843B768-8170-4B44-884C-C8A415B31B3F}
	EndGlobalSection
EndGlobal
